{
  "name": "wedding",
  "version": "1.0.0",
  "lockfileVersion": 2,
  "requires": true,
  "packages": {
    "": {
      "name": "wedding",
      "version": "1.0.0",
      "dependencies": {
        "@supabase/supabase-js": "^2.108.2",
        "lucide-react": "latest",
        "next": "13.4.19",
        "react": "18.2.0",
        "react-dom": "18.2.0"
      },
      "devDependencies": {
        "@types/node": "latest",
        "@types/react": "latest",
        "@types/react-dom": "latest",
        "typescript": "latest"
      }
    },
    "node_modules/@next/env": {
      "version": "13.4.19",
      "resolved": "https://registry.npmjs.org/@next/env/-/env-13.4.19.tgz",
      "integrity": "sha512-FsAT5x0jF2kkhNkKkukhsyYOrRqtSxrEhfliniIq0bwWbuXLgyt3Gv0Ml+b91XwjwArmuP7NxCiGd++GGKdNMQ=="
    },
    "node_modules/@next/swc-darwin-arm64": {
      "version": "13.4.19",
      "resolved": "https://registry.npmjs.org/@next/swc-darwin-arm64/-/swc-darwin-arm64-13.4.19.tgz",
      "integrity": "sha512-vv1qrjXeGbuF2mOkhkdxMDtv9np7W4mcBtaDnHU+yJG+bBwa6rYsYSCI/9Xm5+TuF5SbZbrWO6G1NfTh1TMjvQ==",
      "cpu": [
        "arm64"
      ],
      "optional": true,
      "os": [
        "darwin"
      ],
      "engines": {
        "node": ">= 10"
      }
    },
    "node_modules/@next/swc-darwin-x64": {
      "version": "13.4.19",
      "resolved": "https://registry.npmjs.org/@next/swc-darwin-x64/-/swc-darwin-x64-13.4.19.tgz",
      "integrity": "sha512-jyzO6wwYhx6F+7gD8ddZfuqO4TtpJdw3wyOduR4fxTUCm3aLw7YmHGYNjS0xRSYGAkLpBkH1E0RcelyId6lNsw==",
      "cpu": [
        "x64"
      ],
      "optional": true,
      "os": [
        "darwin"
      ],
      "engines": {
        "node": ">= 10"
      }
    },
    "node_modules/@next/swc-linux-arm64-gnu": {
      "version": "13.4.19",
      "resolved": "https://registry.npmjs.org/@next/swc-linux-arm64-gnu/-/swc-linux-arm64-gnu-13.4.19.tgz",
      "integrity": "sha512-vdlnIlaAEh6H+G6HrKZB9c2zJKnpPVKnA6LBwjwT2BTjxI7e0Hx30+FoWCgi50e+YO49p6oPOtesP9mXDRiiUg==",
      "cpu": [
        "arm64"
      ],
      "optional": true,
      "os": [
        "linux"
      ],
      "engines": {
        "node": ">= 10"
      }
    },
    "node_modules/@next/swc-linux-arm64-musl": {
      "version": "13.4.19",
      "resolved": "https://registry.npmjs.org/@next/swc-linux-arm64-musl/-/swc-linux-arm64-musl-13.4.19.tgz",
      "integrity": "sha512-aU0HkH2XPgxqrbNRBFb3si9Ahu/CpaR5RPmN2s9GiM9qJCiBBlZtRTiEca+DC+xRPyCThTtWYgxjWHgU7ZkyvA==",
      "cpu": [
        "arm64"
      ],
      "optional": true,
      "os": [
        "linux"
      ],
      "engines": {
        "node": ">= 10"
      }
    },
    "node_modules/@next/swc-linux-x64-gnu": {
      "version": "13.4.19",
      "resolved": "https://registry.npmjs.org/@next/swc-linux-x64-gnu/-/swc-linux-x64-gnu-13.4.19.tgz",
      "integrity": "sha512-htwOEagMa/CXNykFFeAHHvMJeqZfNQEoQvHfsA4wgg5QqGNqD5soeCer4oGlCol6NGUxknrQO6VEustcv+Md+g==",
      "cpu": [
        "x64"
      ],
      "optional": true,
      "os": [
        "linux"
      ],
      "engines": {
        "node": ">= 10"
      }
    },
    "node_modules/@next/swc-linux-x64-musl": {
      "version": "13.4.19",
      "resolved": "https://registry.npmjs.org/@next/swc-linux-x64-musl/-/swc-linux-x64-musl-13.4.19.tgz",
      "integrity": "sha512-4Gj4vvtbK1JH8ApWTT214b3GwUh9EKKQjY41hH/t+u55Knxi/0wesMzwQRhppK6Ddalhu0TEttbiJ+wRcoEj5Q==",
      "cpu": [
        "x64"
      ],
      "optional": true,
      "os": [
        "linux"
      ],
      "engines": {
        "node": ">= 10"
      }
    },
    "node_modules/@next/swc-win32-arm64-msvc": {
      "version": "13.4.19",
      "resolved": "https://registry.npmjs.org/@next/swc-win32-arm64-msvc/-/swc-win32-arm64-msvc-13.4.19.tgz",
      "integrity": "sha512-bUfDevQK4NsIAHXs3/JNgnvEY+LRyneDN788W2NYiRIIzmILjba7LaQTfihuFawZDhRtkYCv3JDC3B4TwnmRJw==",
      "cpu": [
        "arm64"
      ],
      "optional": true,
      "os": [
        "win32"
      ],
      "engines": {
        "node": ">= 10"
      }
    },
    "node_modules/@next/swc-win32-ia32-msvc": {
      "version": "13.4.19",
      "resolved": "https://registry.npmjs.org/@next/swc-win32-ia32-msvc/-/swc-win32-ia32-msvc-13.4.19.tgz",
      "integrity": "sha512-Y5kikILFAr81LYIFaw6j/NrOtmiM4Sf3GtOc0pn50ez2GCkr+oejYuKGcwAwq3jiTKuzF6OF4iT2INPoxRycEA==",
      "cpu": [
        "ia32"
      ],
      "optional": true,
      "os": [
        "win32"
      ],
      "engines": {
        "node": ">= 10"
      }
    },
    "node_modules/@next/swc-win32-x64-msvc": {
      "version": "13.4.19",
      "resolved": "https://registry.npmjs.org/@next/swc-win32-x64-msvc/-/swc-win32-x64-msvc-13.4.19.tgz",
      "integrity": "sha512-YzA78jBDXMYiINdPdJJwGgPNT3YqBNNGhsthsDoWHL9p24tEJn9ViQf/ZqTbwSpX/RrkPupLfuuTH2sf73JBAw==",
      "cpu": [
        "x64"
      ],
      "optional": true,
      "os": [
        "win32"
      ],
      "engines": {
        "node": ">= 10"
      }
    },
    "node_modules/@supabase/auth-js": {
      "version": "2.108.2",
      "resolved": "https://registry.npmjs.org/@supabase/auth-js/-/auth-js-2.108.2.tgz",
      "integrity": "sha512-tNaQmBgodDZwgB40mRwVbxFy8IDYwjdpcZ0BYrWiwlULCSQoJj4QoG4zgJT7QRPXcqipefNOzvO/qAu4dF98ag==",
      "dependencies": {
        "tslib": "2.8.1"
      },
      "engines": {
        "node": ">=20.0.0"
      }
    },
    "node_modules/@supabase/functions-js": {
      "version": "2.108.2",
      "resolved": "https://registry.npmjs.org/@supabase/functions-js/-/functions-js-2.108.2.tgz",
      "integrity": "sha512-RNUX8EiBy3iLwAX19jtRzLyePnl11/fHcgwDHLnpKcDSXt/5qBnh3LUwAtIjT21Q66QsmNUR2esrHziLCpNubw==",
      "dependencies": {
        "tslib": "2.8.1"
      },
      "engines": {
        "node": ">=20.0.0"
      }
    },
    "node_modules/@supabase/phoenix": {
      "version": "0.4.3",
      "resolved": "https://registry.npmjs.org/@supabase/phoenix/-/phoenix-0.4.3.tgz",
      "integrity": "sha512-jZL/2uPEiK58RFJ+7rctex60AHTdtVWwqw4cqu+5JGrXdu/ZM7ZwttO+yRsRN/E/Xik6s+tmbvH7XAQux4m9nQ=="
    },
    "node_modules/@supabase/postgrest-js": {
      "version": "2.108.2",
      "resolved": "https://registry.npmjs.org/@supabase/postgrest-js/-/postgrest-js-2.108.2.tgz",
      "integrity": "sha512-GQ28/Y8hk3CFmkb3kXH1h/AQx6JIYSQfO0CJMRVBcEKZoNy6C45cXAZ4fcJvRC5Id0cs6xnkUV0+c0rIocigsw==",
      "dependencies": {
        "tslib": "2.8.1"
      },
      "engines": {
        "node": ">=20.0.0"
      }
    },
    "node_modules/@supabase/realtime-js": {
      "version": "2.108.2",
      "resolved": "https://registry.npmjs.org/@supabase/realtime-js/-/realtime-js-2.108.2.tgz",
      "integrity": "sha512-aAGxCSUemZvQIibnCdvNvgaKib28I4rfrNjKbQ9cG1uBLwUsI7hVpGXgEbypCCDhLjQlDTAiJlu7rgljYUT73g==",
      "dependencies": {
        "@supabase/phoenix": "^0.4.2",
        "tslib": "2.8.1"
      },
      "engines": {
        "node": ">=20.0.0"
      }
    },
    "node_modules/@supabase/storage-js": {
      "version": "2.108.2",
      "resolved": "https://registry.npmjs.org/@supabase/storage-js/-/storage-js-2.108.2.tgz",
      "integrity": "sha512-TVZPQxXGxY2+A6yTtm77zUHsh70lBhYUEaJL8RQC+BghcX/ygiMG/rmXrNVBce30/WAeNPa8FiG8HbqlGeV05g==",
      "dependencies": {
        "iceberg-js": "^0.8.1",
        "tslib": "2.8.1"
      },
      "engines": {
        "node": ">=20.0.0"
      }
    },
    "node_modules/@supabase/supabase-js": {
      "version": "2.108.2",
      "resolved": "https://registry.npmjs.org/@supabase/supabase-js/-/supabase-js-2.108.2.tgz",
      "integrity": "sha512-hFhnPveb5JQg4a0QYicM0swT253YHMdfeRAl2BKHOlI5VAzuHxUGSr8RbwNLYNPauWOgQMS1H8sz8bvYlgwUfQ==",
      "dependencies": {
        "@supabase/auth-js": "2.108.2",
        "@supabase/functions-js": "2.108.2",
        "@supabase/postgrest-js": "2.108.2",
        "@supabase/realtime-js": "2.108.2",
        "@supabase/storage-js": "2.108.2"
      },
      "engines": {
        "node": ">=20.0.0"
      }
    },
    "node_modules/@swc/helpers": {
      "version": "0.5.1",
      "resolved": "https://registry.npmjs.org/@swc/helpers/-/helpers-0.5.1.tgz",
      "integrity": "sha512-sJ902EfIzn1Fa+qYmjdQqh8tPsoxyBz+8yBKC2HKUxyezKJFwPGOn7pv4WY6QuQW//ySQi5lJjA/ZT9sNWWNTg==",
      "dependencies": {
        "tslib": "^2.4.0"
      }
    },
    "node_modules/@types/node": {
      "version": "25.9.0",
      "resolved": "https://registry.npmjs.org/@types/node/-/node-25.9.0.tgz",
      "integrity": "sha512-AOQwYUNolgy3VosiRqXrACUXTN8nJUtPl7FJXMqZVyxiiCLhQuG3jXKvCS1ALr+Y2OmZhzzLVlYPEqJaiqkaJQ==",
      "dev": true,
      "dependencies": {
        "undici-types": ">=7.24.0 <7.24.7"
      }
    },
    "node_modules/@types/react": {
      "version": "19.2.14",
      "resolved": "https://registry.npmjs.org/@types/react/-/react-19.2.14.tgz",
      "integrity": "sha512-ilcTH/UniCkMdtexkoCN0bI7pMcJDvmQFPvuPvmEaYA/NSfFTAgdUSLAoVjaRJm7+6PvcM+q1zYOwS4wTYMF9w==",
      "dev": true,
      "dependencies": {
        "csstype": "^3.2.2"
      }
    },
    "node_modules/@types/react-dom": {
      "version": "19.2.3",
      "resolved": "https://registry.npmjs.org/@types/react-dom/-/react-dom-19.2.3.tgz",
      "integrity": "sha512-jp2L/eY6fn+KgVVQAOqYItbF0VY/YApe5Mz2F0aykSO8gx31bYCZyvSeYxCHKvzHG5eZjc+zyaS5BrBWya2+kQ==",
      "dev": true,
      "peerDependencies": {
        "@types/react": "^19.2.0"
      }
    },
    "node_modules/busboy": {
      "version": "1.6.0",
      "resolved": "https://registry.npmjs.org/busboy/-/busboy-1.6.0.tgz",
      "integrity": "sha512-8SFQbg/0hQ9xy3UNTB0YEnsNBbWfhf7RtnzpL7TkBiTBRfrQ9Fxcnz7VJsleJpyp6rVLvXiuORqjlHi5q+PYuA==",
      "dependencies": {
        "streamsearch": "^1.1.0"
      },
      "engines": {
        "node": ">=10.16.0"
      }
    },
    "node_modules/caniuse-lite": {
      "version": "1.0.30001793",
      "resolved": "https://registry.npmjs.org/caniuse-lite/-/caniuse-lite-1.0.30001793.tgz",
      "integrity": "sha512-iwSsYWaCOoh26cV8NwNRViHlrfUvYsHDfRVcbtmw0Kg6PJIZZXwMkj1442FYLBGkeUf1juAsU3DTfxW579mrPA==",
      "funding": [
        {
          "type": "opencollective",
          "url": "https://opencollective.com/browserslist"
        },
        {
          "type": "tidelift",
          "url": "https://tidelift.com/funding/github/npm/caniuse-lite"
        },
        {
          "type": "github",
          "url": "https://github.com/sponsors/ai"
        }
      ]
    },
    "node_modules/client-only": {
      "version": "0.0.1",
      "resolved": "https://registry.npmjs.org/client-only/-/client-only-0.0.1.tgz",
      "integrity": "sha512-IV3Ou0jSMzZrd3pZ48nLkT9DA7Ag1pnPzaiQhpW7c3RbcqqzvzzVu+L8gfqMp/8IM2MQtSiqaCxrrcfu8I8rMA=="
    },
    "node_modules/csstype": {
      "version": "3.2.3",
      "resolved": "https://registry.npmjs.org/csstype/-/csstype-3.2.3.tgz",
      "integrity": "sha512-z1HGKcYy2xA8AGQfwrn0PAy+PB7X/GSj3UVJW9qKyn43xWa+gl5nXmU4qqLMRzWVLFC8KusUX8T/0kCiOYpAIQ==",
      "dev": true
    },
    "node_modules/glob-to-regexp": {
      "version": "0.4.1",
      "resolved": "https://registry.npmjs.org/glob-to-regexp/-/glob-to-regexp-0.4.1.tgz",
      "integrity": "sha512-lkX1HJXwyMcprw/5YUZc2s7DrpAiHB21/V+E1rHUrVNokkvB6bqMzT0VfV6/86ZNabt1k14YOIaT7nDvOX3Iiw=="
    },
    "node_modules/graceful-fs": {
      "version": "4.2.11",
      "resolved": "https://registry.npmjs.org/graceful-fs/-/graceful-fs-4.2.11.tgz",
      "integrity": "sha512-RbJ5/jmFcNNCcDV5o9eTnBLJ/HszWV0P73bc+Ff4nS/rJj+YaS6IGyiOL0VoBYX+l1Wrl3k63h/KrH+nhJ0XvQ=="
    },
    "node_modules/iceberg-js": {
      "version": "0.8.1",
      "resolved": "https://registry.npmjs.org/iceberg-js/-/iceberg-js-0.8.1.tgz",
      "integrity": "sha512-1dhVQZXhcHje7798IVM+xoo/1ZdVfzOMIc8/rgVSijRK38EDqOJoGula9N/8ZI5RD8QTxNQtK/Gozpr+qUqRRA==",
      "engines": {
        "node": ">=20.0.0"
      }
    },
    "node_modules/js-tokens": {
      "version": "4.0.0",
      "resolved": "https://registry.npmjs.org/js-tokens/-/js-tokens-4.0.0.tgz",
      "integrity": "sha512-RdJUflcE3cUzKiMqQgsCu06FPu9UdIJO0beYbPhHN4k6apgJtifcoCtT9bcxOpYBtpD2kCM6Sbzg4CausW/PKQ=="
    },
    "node_modules/loose-envify": {
      "version": "1.4.0",
      "resolved": "https://registry.npmjs.org/loose-envify/-/loose-envify-1.4.0.tgz",
      "integrity": "sha512-lyuxPGr/Wfhrlem2CL/UcnUc1zcqKAImBDzukY7Y5F/yQiNdko6+fRLevlw1HgMySw7f611UIY408EtxRSoK3Q==",
      "dependencies": {
        "js-tokens": "^3.0.0 || ^4.0.0"
      },
      "bin": {
        "loose-envify": "cli.js"
      }
    },
    "node_modules/lucide-react": {
      "version": "1.16.0",
      "resolved": "https://registry.npmjs.org/lucide-react/-/lucide-react-1.16.0.tgz",
      "integrity": "sha512-dYwyPzb4MEKpGUmNYk3WKWPnMrHs3FKM+q94kAnJrcDIqqn1hq2xY8scaS2ovsOCM5D51ey2gaRG3PBb1vgoYQ==",
      "peerDependencies": {
        "react": "^16.5.1 || ^17.0.0 || ^18.0.0 || ^19.0.0"
      }
    },
    "node_modules/nanoid": {
      "version": "3.3.12",
      "resolved": "https://registry.npmjs.org/nanoid/-/nanoid-3.3.12.tgz",
      "integrity": "sha512-ZB9RH/39qpq5Vu6Y+NmUaFhQR6pp+M2Xt76XBnEwDaGcVAqhlvxrl3B2bKS5D3NH3QR76v3aSrKaF/Kiy7lEtQ==",
      "funding": [
        {
          "type": "github",
          "url": "https://github.com/sponsors/ai"
        }
      ],
      "bin": {
        "nanoid": "bin/nanoid.cjs"
      },
      "engines": {
        "node": "^10 || ^12 || ^13.7 || ^14 || >=15.0.1"
      }
    },
    "node_modules/next": {
      "version": "13.4.19",
      "resolved": "https://registry.npmjs.org/next/-/next-13.4.19.tgz",
      "integrity": "sha512-HuPSzzAbJ1T4BD8e0bs6B9C1kWQ6gv8ykZoRWs5AQoiIuqbGHHdQO7Ljuvg05Q0Z24E2ABozHe6FxDvI6HfyAw==",
      "deprecated": "This version has a security vulnerability. Please upgrade to a patched version. See https://nextjs.org/blog/security-update-2025-12-11 for more details.",
      "dependencies": {
        "@next/env": "13.4.19",
        "@swc/helpers": "0.5.1",
        "busboy": "1.6.0",
        "caniuse-lite": "^1.0.30001406",
        "postcss": "8.4.14",
        "styled-jsx": "5.1.1",
        "watchpack": "2.4.0",
        "zod": "3.21.4"
      },
      "bin": {
        "next": "dist/bin/next"
      },
      "engines": {
        "node": ">=16.8.0"
      },
      "optionalDependencies": {
        "@next/swc-darwin-arm64": "13.4.19",
        "@next/swc-darwin-x64": "13.4.19",
        "@next/swc-linux-arm64-gnu": "13.4.19",
        "@next/swc-linux-arm64-musl": "13.4.19",
        "@next/swc-linux-x64-gnu": "13.4.19",
        "@next/swc-linux-x64-musl": "13.4.19",
        "@next/swc-win32-arm64-msvc": "13.4.19",
        "@next/swc-win32-ia32-msvc": "13.4.19",
        "@next/swc-win32-x64-msvc": "13.4.19"
      },
      "peerDependencies": {
        "@opentelemetry/api": "^1.1.0",
        "react": "^18.2.0",
        "react-dom": "^18.2.0",
        "sass": "^1.3.0"
      },
      "peerDependenciesMeta": {
        "@opentelemetry/api": {
          "optional": true
        },
        "sass": {
          "optional": true
        }
      }
    },
    "node_modules/picocolors": {
      "version": "1.1.1",
      "resolved": "https://registry.npmjs.org/picocolors/-/picocolors-1.1.1.tgz",
      "integrity": "sha512-xceH2snhtb5M9liqDsmEw56le376mTZkEX/jEb/RxNFyegNul7eNslCXP9FDj/Lcu0X8KEyMceP2ntpaHrDEVA=="
    },
    "node_modules/postcss": {
      "version": "8.4.14",
      "resolved": "https://registry.npmjs.org/postcss/-/postcss-8.4.14.tgz",
      "integrity": "sha512-E398TUmfAYFPBSdzgeieK2Y1+1cpdxJx8yXbK/m57nRhKSmk1GB2tO4lbLBtlkfPQTDKfe4Xqv1ASWPpayPEig==",
      "funding": [
        {
          "type": "opencollective",
          "url": "https://opencollective.com/postcss/"
        },
        {
          "type": "tidelift",
          "url": "https://tidelift.com/funding/github/npm/postcss"
        }
      ],
      "dependencies": {
        "nanoid": "^3.3.4",
        "picocolors": "^1.0.0",
        "source-map-js": "^1.0.2"
      },
      "engines": {
        "node": "^10 || ^12 || >=14"
      }
    },
    "node_modules/react": {
      "version": "18.2.0",
      "resolved": "https://registry.npmjs.org/react/-/react-18.2.0.tgz",
      "integrity": "sha512-/3IjMdb2L9QbBdWiW5e3P2/npwMBaU9mHCSCUzNln0ZCYbcfTsGbTJrU/kGemdH2IWmB2ioZ+zkxtmq6g09fGQ==",
      "dependencies": {
        "loose-envify": "^1.1.0"
      },
      "engines": {
        "node": ">=0.10.0"
      }
    },
    "node_modules/react-dom": {
      "version": "18.2.0",
      "resolved": "https://registry.npmjs.org/react-dom/-/react-dom-18.2.0.tgz",
      "integrity": "sha512-6IMTriUmvsjHUjNtEDudZfuDQUoWXVxKHhlEGSk81n4YFS+r/Kl99wXiwlVXtPBtJenozv2P+hxDsw9eA7Xo6g==",
      "dependencies": {
        "loose-envify": "^1.1.0",
        "scheduler": "^0.23.0"
      },
      "peerDependencies": {
        "react": "^18.2.0"
      }
    },
    "node_modules/scheduler": {
      "version": "0.23.2",
      "resolved": "https://registry.npmjs.org/scheduler/-/scheduler-0.23.2.tgz",
      "integrity": "sha512-UOShsPwz7NrMUqhR6t0hWjFduvOzbtv7toDH1/hIrfRNIDBnnBWd0CwJTGvTpngVlmwGCdP9/Zl/tVrDqcuYzQ==",
      "dependencies": {
        "loose-envify": "^1.1.0"
      }
    },
    "node_modules/source-map-js": {
      "version": "1.2.1",
      "resolved": "https://registry.npmjs.org/source-map-js/-/source-map-js-1.2.1.tgz",
      "integrity": "sha512-UXWMKhLOwVKb728IUtQPXxfYU+usdybtUrK/8uGE8CQMvrhOpwvzDBwj0QhSL7MQc7vIsISBG8VQ8+IDQxpfQA==",
      "engines": {
        "node": ">=0.10.0"
      }
    },
    "node_modules/streamsearch": {
      "version": "1.1.0",
      "resolved": "https://registry.npmjs.org/streamsearch/-/streamsearch-1.1.0.tgz",
      "integrity": "sha512-Mcc5wHehp9aXz1ax6bZUyY5afg9u2rv5cqQI3mRrYkGC8rW2hM02jWuwjtL++LS5qinSyhj2QfLyNsuc+VsExg==",
      "engines": {
        "node": ">=10.0.0"
      }
    },
    "node_modules/styled-jsx": {
      "version": "5.1.1",
      "resolved": "https://registry.npmjs.org/styled-jsx/-/styled-jsx-5.1.1.tgz",
      "integrity": "sha512-pW7uC1l4mBZ8ugbiZrcIsiIvVx1UmTfw7UkC3Um2tmfUq9Bhk8IiyEIPl6F8agHgjzku6j0xQEZbfA5uSgSaCw==",
      "dependencies": {
        "client-only": "0.0.1"
      },
      "engines": {
        "node": ">= 12.0.0"
      },
      "peerDependencies": {
        "react": ">= 16.8.0 || 17.x.x || ^18.0.0-0"
      },
      "peerDependenciesMeta": {
        "@babel/core": {
          "optional": true
        },
        "babel-plugin-macros": {
          "optional": true
        }
      }
    },
    "node_modules/tslib": {
      "version": "2.8.1",
      "resolved": "https://registry.npmjs.org/tslib/-/tslib-2.8.1.tgz",
      "integrity": "sha512-oJFu94HQb+KVduSUQL7wnpmqnfmLsOA/nAh6b6EH0wCEoK0/mPeXU6c3wKDV83MkOuHPRHtSXKKU99IBazS/2w=="
    },
    "node_modules/typescript": {
      "version": "6.0.3",
      "resolved": "https://registry.npmjs.org/typescript/-/typescript-6.0.3.tgz",
      "integrity": "sha512-y2TvuxSZPDyQakkFRPZHKFm+KKVqIisdg9/CZwm9ftvKXLP8NRWj38/ODjNbr43SsoXqNuAisEf1GdCxqWcdBw==",
      "dev": true,
      "bin": {
        "tsc": "bin/tsc",
        "tsserver": "bin/tsserver"
      },
      "engines": {
        "node": ">=14.17"
      }
    },
    "node_modules/undici-types": {
      "version": "7.24.6",
      "resolved": "https://registry.npmjs.org/undici-types/-/undici-types-7.24.6.tgz",
      "integrity": "sha512-WRNW+sJgj5OBN4/0JpHFqtqzhpbnV0GuB+OozA9gCL7a993SmU+1JBZCzLNxYsbMfIeDL+lTsphD5jN5N+n0zg==",
      "dev": true
    },
    "node_modules/watchpack": {
      "version": "2.4.0",
      "resolved": "https://registry.npmjs.org/watchpack/-/watchpack-2.4.0.tgz",
      "integrity": "sha512-Lcvm7MGST/4fup+ifyKi2hjyIAwcdI4HRgtvTpIUxBRhB+RFtUh8XtDOxUfctVCnhVi+QQj49i91OyvzkJl6cg==",
      "dependencies": {
        "glob-to-regexp": "^0.4.1",
        "graceful-fs": "^4.1.2"
      },
      "engines": {
        "node": ">=10.13.0"
      }
    },
    "node_modules/zod": {
      "version": "3.21.4",
      "resolved": "https://registry.npmjs.org/zod/-/zod-3.21.4.tgz",
      "integrity": "sha512-m46AKbrzKVzOzs/DZgVnG5H55N1sv1M8qZU3A8RIKbs3mrACDNeIOeilDymVb2HdmP8uwshOCF4uJ8uM9rCqJw==",
      "funding": {
        "url": "https://github.com/sponsors/colinhacks"
      }
    }
  },
  "dependencies": {
    "@next/env": {
      "version": "13.4.19",
      "resolved": "https://registry.npmjs.org/@next/env/-/env-13.4.19.tgz",
      "integrity": "sha512-FsAT5x0jF2kkhNkKkukhsyYOrRqtSxrEhfliniIq0bwWbuXLgyt3Gv0Ml+b91XwjwArmuP7NxCiGd++GGKdNMQ=="
    },
    "@next/swc-darwin-arm64": {
      "version": "13.4.19",
      "resolved": "https://registry.npmjs.org/@next/swc-darwin-arm64/-/swc-darwin-arm64-13.4.19.tgz",
      "integrity": "sha512-vv1qrjXeGbuF2mOkhkdxMDtv9np7W4mcBtaDnHU+yJG+bBwa6rYsYSCI/9Xm5+TuF5SbZbrWO6G1NfTh1TMjvQ==",
      "optional": true
    },
    "@next/swc-darwin-x64": {
      "version": "13.4.19",
      "resolved": "https://registry.npmjs.org/@next/swc-darwin-x64/-/swc-darwin-x64-13.4.19.tgz",
      "integrity": "sha512-jyzO6wwYhx6F+7gD8ddZfuqO4TtpJdw3wyOduR4fxTUCm3aLw7YmHGYNjS0xRSYGAkLpBkH1E0RcelyId6lNsw==",
      "optional": true
    },
    "@next/swc-linux-arm64-gnu": {
      "version": "13.4.19",
      "resolved": "https://registry.npmjs.org/@next/swc-linux-arm64-gnu/-/swc-linux-arm64-gnu-13.4.19.tgz",
      "integrity": "sha512-vdlnIlaAEh6H+G6HrKZB9c2zJKnpPVKnA6LBwjwT2BTjxI7e0Hx30+FoWCgi50e+YO49p6oPOtesP9mXDRiiUg==",
      "optional": true
    },
    "@next/swc-linux-arm64-musl": {
      "version": "13.4.19",
      "resolved": "https://registry.npmjs.org/@next/swc-linux-arm64-musl/-/swc-linux-arm64-musl-13.4.19.tgz",
      "integrity": "sha512-aU0HkH2XPgxqrbNRBFb3si9Ahu/CpaR5RPmN2s9GiM9qJCiBBlZtRTiEca+DC+xRPyCThTtWYgxjWHgU7ZkyvA==",
      "optional": true
    },
    "@next/swc-linux-x64-gnu": {
      "version": "13.4.19",
      "resolved": "https://registry.npmjs.org/@next/swc-linux-x64-gnu/-/swc-linux-x64-gnu-13.4.19.tgz",
      "integrity": "sha512-htwOEagMa/CXNykFFeAHHvMJeqZfNQEoQvHfsA4wgg5QqGNqD5soeCer4oGlCol6NGUxknrQO6VEustcv+Md+g==",
      "optional": true
    },
    "@next/swc-linux-x64-musl": {
      "version": "13.4.19",
      "resolved": "https://registry.npmjs.org/@next/swc-linux-x64-musl/-/swc-linux-x64-musl-13.4.19.tgz",
      "integrity": "sha512-4Gj4vvtbK1JH8ApWTT214b3GwUh9EKKQjY41hH/t+u55Knxi/0wesMzwQRhppK6Ddalhu0TEttbiJ+wRcoEj5Q==",
      "optional": true
    },
    "@next/swc-win32-arm64-msvc": {
      "version": "13.4.19",
      "resolved": "https://registry.npmjs.org/@next/swc-win32-arm64-msvc/-/swc-win32-arm64-msvc-13.4.19.tgz",
      "integrity": "sha512-bUfDevQK4NsIAHXs3/JNgnvEY+LRyneDN788W2NYiRIIzmILjba7LaQTfihuFawZDhRtkYCv3JDC3B4TwnmRJw==",
      "optional": true
    },
    "@next/swc-win32-ia32-msvc": {
      "version": "13.4.19",
      "resolved": "https://registry.npmjs.org/@next/swc-win32-ia32-msvc/-/swc-win32-ia32-msvc-13.4.19.tgz",
      "integrity": "sha512-Y5kikILFAr81LYIFaw6j/NrOtmiM4Sf3GtOc0pn50ez2GCkr+oejYuKGcwAwq3jiTKuzF6OF4iT2INPoxRycEA==",
      "optional": true
    },
    "@next/swc-win32-x64-msvc": {
      "version": "13.4.19",
      "resolved": "https://registry.npmjs.org/@next/swc-win32-x64-msvc/-/swc-win32-x64-msvc-13.4.19.tgz",
      "integrity": "sha512-YzA78jBDXMYiINdPdJJwGgPNT3YqBNNGhsthsDoWHL9p24tEJn9ViQf/ZqTbwSpX/RrkPupLfuuTH2sf73JBAw==",
      "optional": true
    },
    "@supabase/auth-js": {
      "version": "2.108.2",
      "resolved": "https://registry.npmjs.org/@supabase/auth-js/-/auth-js-2.108.2.tgz",
      "integrity": "sha512-tNaQmBgodDZwgB40mRwVbxFy8IDYwjdpcZ0BYrWiwlULCSQoJj4QoG4zgJT7QRPXcqipefNOzvO/qAu4dF98ag==",
      "requires": {
        "tslib": "2.8.1"
      }
    },
    "@supabase/functions-js": {
      "version": "2.108.2",
      "resolved": "https://registry.npmjs.org/@supabase/functions-js/-/functions-js-2.108.2.tgz",
      "integrity": "sha512-RNUX8EiBy3iLwAX19jtRzLyePnl11/fHcgwDHLnpKcDSXt/5qBnh3LUwAtIjT21Q66QsmNUR2esrHziLCpNubw==",
      "requires": {
        "tslib": "2.8.1"
      }
    },
    "@supabase/phoenix": {
      "version": "0.4.3",
      "resolved": "https://registry.npmjs.org/@supabase/phoenix/-/phoenix-0.4.3.tgz",
      "integrity": "sha512-jZL/2uPEiK58RFJ+7rctex60AHTdtVWwqw4cqu+5JGrXdu/ZM7ZwttO+yRsRN/E/Xik6s+tmbvH7XAQux4m9nQ=="
    },
    "@supabase/postgrest-js": {
      "version": "2.108.2",
      "resolved": "https://registry.npmjs.org/@supabase/postgrest-js/-/postgrest-js-2.108.2.tgz",
      "integrity": "sha512-GQ28/Y8hk3CFmkb3kXH1h/AQx6JIYSQfO0CJMRVBcEKZoNy6C45cXAZ4fcJvRC5Id0cs6xnkUV0+c0rIocigsw==",
      "requires": {
        "tslib": "2.8.1"
      }
    },
    "@supabase/realtime-js": {
      "version": "2.108.2",
      "resolved": "https://registry.npmjs.org/@supabase/realtime-js/-/realtime-js-2.108.2.tgz",
      "integrity": "sha512-aAGxCSUemZvQIibnCdvNvgaKib28I4rfrNjKbQ9cG1uBLwUsI7hVpGXgEbypCCDhLjQlDTAiJlu7rgljYUT73g==",
      "requires": {
        "@supabase/phoenix": "^0.4.2",
        "tslib": "2.8.1"
      }
    },
    "@supabase/storage-js": {
      "version": "2.108.2",
      "resolved": "https://registry.npmjs.org/@supabase/storage-js/-/storage-js-2.108.2.tgz",
      "integrity": "sha512-TVZPQxXGxY2+A6yTtm77zUHsh70lBhYUEaJL8RQC+BghcX/ygiMG/rmXrNVBce30/WAeNPa8FiG8HbqlGeV05g==",
      "requires": {
        "iceberg-js": "^0.8.1",
        "tslib": "2.8.1"
      }
    },
    "@supabase/supabase-js": {
      "version": "2.108.2",
      "resolved": "https://registry.npmjs.org/@supabase/supabase-js/-/supabase-js-2.108.2.tgz",
      "integrity": "sha512-hFhnPveb5JQg4a0QYicM0swT253YHMdfeRAl2BKHOlI5VAzuHxUGSr8RbwNLYNPauWOgQMS1H8sz8bvYlgwUfQ==",
      "requires": {
        "@supabase/auth-js": "2.108.2",
        "@supabase/functions-js": "2.108.2",
        "@supabase/postgrest-js": "2.108.2",
        "@supabase/realtime-js": "2.108.2",
        "@supabase/storage-js": "2.108.2"
      }
    },
    "@swc/helpers": {
      "version": "0.5.1",
      "resolved": "https://registry.npmjs.org/@swc/helpers/-/helpers-0.5.1.tgz",
      "integrity": "sha512-sJ902EfIzn1Fa+qYmjdQqh8tPsoxyBz+8yBKC2HKUxyezKJFwPGOn7pv4WY6QuQW//ySQi5lJjA/ZT9sNWWNTg==",
      "requires": {
        "tslib": "^2.4.0"
      }
    },
    "@types/node": {
      "version": "25.9.0",
      "resolved": "https://registry.npmjs.org/@types/node/-/node-25.9.0.tgz",
      "integrity": "sha512-AOQwYUNolgy3VosiRqXrACUXTN8nJUtPl7FJXMqZVyxiiCLhQuG3jXKvCS1ALr+Y2OmZhzzLVlYPEqJaiqkaJQ==",
      "dev": true,
      "requires": {
        "undici-types": ">=7.24.0 <7.24.7"
      }
    },
    "@types/react": {
      "version": "19.2.14",
      "resolved": "https://registry.npmjs.org/@types/react/-/react-19.2.14.tgz",
      "integrity": "sha512-ilcTH/UniCkMdtexkoCN0bI7pMcJDvmQFPvuPvmEaYA/NSfFTAgdUSLAoVjaRJm7+6PvcM+q1zYOwS4wTYMF9w==",
      "dev": true,
      "requires": {
        "csstype": "^3.2.2"
      }
    },
    "@types/react-dom": {
      "version": "19.2.3",
      "resolved": "https://registry.npmjs.org/@types/react-dom/-/react-dom-19.2.3.tgz",
      "integrity": "sha512-jp2L/eY6fn+KgVVQAOqYItbF0VY/YApe5Mz2F0aykSO8gx31bYCZyvSeYxCHKvzHG5eZjc+zyaS5BrBWya2+kQ==",
      "dev": true,
      "requires": {}
    },
    "busboy": {
      "version": "1.6.0",
      "resolved": "https://registry.npmjs.org/busboy/-/busboy-1.6.0.tgz",
      "integrity": "sha512-8SFQbg/0hQ9xy3UNTB0YEnsNBbWfhf7RtnzpL7TkBiTBRfrQ9Fxcnz7VJsleJpyp6rVLvXiuORqjlHi5q+PYuA==",
      "requires": {
        "streamsearch": "^1.1.0"
      }
    },
    "caniuse-lite": {
      "version": "1.0.30001793",
      "resolved": "https://registry.npmjs.org/caniuse-lite/-/caniuse-lite-1.0.30001793.tgz",
      "integrity": "sha512-iwSsYWaCOoh26cV8NwNRViHlrfUvYsHDfRVcbtmw0Kg6PJIZZXwMkj1442FYLBGkeUf1juAsU3DTfxW579mrPA=="
    },
    "client-only": {
      "version": "0.0.1",
      "resolved": "https://registry.npmjs.org/client-only/-/client-only-0.0.1.tgz",
      "integrity": "sha512-IV3Ou0jSMzZrd3pZ48nLkT9DA7Ag1pnPzaiQhpW7c3RbcqqzvzzVu+L8gfqMp/8IM2MQtSiqaCxrrcfu8I8rMA=="
    },
    "csstype": {
      "version": "3.2.3",
      "resolved": "https://registry.npmjs.org/csstype/-/csstype-3.2.3.tgz",
      "integrity": "sha512-z1HGKcYy2xA8AGQfwrn0PAy+PB7X/GSj3UVJW9qKyn43xWa+gl5nXmU4qqLMRzWVLFC8KusUX8T/0kCiOYpAIQ==",
      "dev": true
    },
    "glob-to-regexp": {
      "version": "0.4.1",
      "resolved": "https://registry.npmjs.org/glob-to-regexp/-/glob-to-regexp-0.4.1.tgz",
      "integrity": "sha512-lkX1HJXwyMcprw/5YUZc2s7DrpAiHB21/V+E1rHUrVNokkvB6bqMzT0VfV6/86ZNabt1k14YOIaT7nDvOX3Iiw=="
    },
    "graceful-fs": {
      "version": "4.2.11",
      "resolved": "https://registry.npmjs.org/graceful-fs/-/graceful-fs-4.2.11.tgz",
      "integrity": "sha512-RbJ5/jmFcNNCcDV5o9eTnBLJ/HszWV0P73bc+Ff4nS/rJj+YaS6IGyiOL0VoBYX+l1Wrl3k63h/KrH+nhJ0XvQ=="
    },
    "iceberg-js": {
      "version": "0.8.1",
      "resolved": "https://registry.npmjs.org/iceberg-js/-/iceberg-js-0.8.1.tgz",
      "integrity": "sha512-1dhVQZXhcHje7798IVM+xoo/1ZdVfzOMIc8/rgVSijRK38EDqOJoGula9N/8ZI5RD8QTxNQtK/Gozpr+qUqRRA=="
    },
    "js-tokens": {
      "version": "4.0.0",
      "resolved": "https://registry.npmjs.org/js-tokens/-/js-tokens-4.0.0.tgz",
      "integrity": "sha512-RdJUflcE3cUzKiMqQgsCu06FPu9UdIJO0beYbPhHN4k6apgJtifcoCtT9bcxOpYBtpD2kCM6Sbzg4CausW/PKQ=="
    },
    "loose-envify": {
      "version": "1.4.0",
      "resolved": "https://registry.npmjs.org/loose-envify/-/loose-envify-1.4.0.tgz",
      "integrity": "sha512-lyuxPGr/Wfhrlem2CL/UcnUc1zcqKAImBDzukY7Y5F/yQiNdko6+fRLevlw1HgMySw7f611UIY408EtxRSoK3Q==",
      "requires": {
        "js-tokens": "^3.0.0 || ^4.0.0"
      }
    },
    "lucide-react": {
      "version": "1.16.0",
      "resolved": "https://registry.npmjs.org/lucide-react/-/lucide-react-1.16.0.tgz",
      "integrity": "sha512-dYwyPzb4MEKpGUmNYk3WKWPnMrHs3FKM+q94kAnJrcDIqqn1hq2xY8scaS2ovsOCM5D51ey2gaRG3PBb1vgoYQ==",
      "requires": {}
    },
    "nanoid": {
      "version": "3.3.12",
      "resolved": "https://registry.npmjs.org/nanoid/-/nanoid-3.3.12.tgz",
      "integrity": "sha512-ZB9RH/39qpq5Vu6Y+NmUaFhQR6pp+M2Xt76XBnEwDaGcVAqhlvxrl3B2bKS5D3NH3QR76v3aSrKaF/Kiy7lEtQ=="
    },
    "next": {
      "version": "13.4.19",
      "resolved": "https://registry.npmjs.org/next/-/next-13.4.19.tgz",
      "integrity": "sha512-HuPSzzAbJ1T4BD8e0bs6B9C1kWQ6gv8ykZoRWs5AQoiIuqbGHHdQO7Ljuvg05Q0Z24E2ABozHe6FxDvI6HfyAw==",
      "requires": {
        "@next/env": "13.4.19",
        "@next/swc-darwin-arm64": "13.4.19",
        "@next/swc-darwin-x64": "13.4.19",
        "@next/swc-linux-arm64-gnu": "13.4.19",
        "@next/swc-linux-arm64-musl": "13.4.19",
        "@next/swc-linux-x64-gnu": "13.4.19",
        "@next/swc-linux-x64-musl": "13.4.19",
        "@next/swc-win32-arm64-msvc": "13.4.19",
        "@next/swc-win32-ia32-msvc": "13.4.19",
        "@next/swc-win32-x64-msvc": "13.4.19",
        "@swc/helpers": "0.5.1",
        "busboy": "1.6.0",
        "caniuse-lite": "^1.0.30001406",
        "postcss": "8.4.14",
        "styled-jsx": "5.1.1",
        "watchpack": "2.4.0",
        "zod": "3.21.4"
      }
    },
    "picocolors": {
      "version": "1.1.1",
      "resolved": "https://registry.npmjs.org/picocolors/-/picocolors-1.1.1.tgz",
      "integrity": "sha512-xceH2snhtb5M9liqDsmEw56le376mTZkEX/jEb/RxNFyegNul7eNslCXP9FDj/Lcu0X8KEyMceP2ntpaHrDEVA=="
    },
    "postcss": {
      "version": "8.4.14",
      "resolved": "https://registry.npmjs.org/postcss/-/postcss-8.4.14.tgz",
      "integrity": "sha512-E398TUmfAYFPBSdzgeieK2Y1+1cpdxJx8yXbK/m57nRhKSmk1GB2tO4lbLBtlkfPQTDKfe4Xqv1ASWPpayPEig==",
      "requires": {
        "nanoid": "^3.3.4",
        "picocolors": "^1.0.0",
        "source-map-js": "^1.0.2"
      }
    },
    "react": {
      "version": "18.2.0",
      "resolved": "https://registry.npmjs.org/react/-/react-18.2.0.tgz",
      "integrity": "sha512-/3IjMdb2L9QbBdWiW5e3P2/npwMBaU9mHCSCUzNln0ZCYbcfTsGbTJrU/kGemdH2IWmB2ioZ+zkxtmq6g09fGQ==",
      "requires": {
        "loose-envify": "^1.1.0"
      }
    },
    "react-dom": {
      "version": "18.2.0",
      "resolved": "https://registry.npmjs.org/react-dom/-/react-dom-18.2.0.tgz",
      "integrity": "sha512-6IMTriUmvsjHUjNtEDudZfuDQUoWXVxKHhlEGSk81n4YFS+r/Kl99wXiwlVXtPBtJenozv2P+hxDsw9eA7Xo6g==",
      "requires": {
        "loose-envify": "^1.1.0",
        "scheduler": "^0.23.0"
      }
    },
    "scheduler": {
      "version": "0.23.2",
      "resolved": "https://registry.npmjs.org/scheduler/-/scheduler-0.23.2.tgz",
      "integrity": "sha512-UOShsPwz7NrMUqhR6t0hWjFduvOzbtv7toDH1/hIrfRNIDBnnBWd0CwJTGvTpngVlmwGCdP9/Zl/tVrDqcuYzQ==",
      "requires": {
        "loose-envify": "^1.1.0"
      }
    },
    "source-map-js": {
      "version": "1.2.1",
      "resolved": "https://registry.npmjs.org/source-map-js/-/source-map-js-1.2.1.tgz",
      "integrity": "sha512-UXWMKhLOwVKb728IUtQPXxfYU+usdybtUrK/8uGE8CQMvrhOpwvzDBwj0QhSL7MQc7vIsISBG8VQ8+IDQxpfQA=="
    },
    "streamsearch": {
      "version": "1.1.0",
      "resolved": "https://registry.npmjs.org/streamsearch/-/streamsearch-1.1.0.tgz",
      "integrity": "sha512-Mcc5wHehp9aXz1ax6bZUyY5afg9u2rv5cqQI3mRrYkGC8rW2hM02jWuwjtL++LS5qinSyhj2QfLyNsuc+VsExg=="
    },
    "styled-jsx": {
      "version": "5.1.1",
      "resolved": "https://registry.npmjs.org/styled-jsx/-/styled-jsx-5.1.1.tgz",
      "integrity": "sha512-pW7uC1l4mBZ8ugbiZrcIsiIvVx1UmTfw7UkC3Um2tmfUq9Bhk8IiyEIPl6F8agHgjzku6j0xQEZbfA5uSgSaCw==",
      "requires": {
        "client-only": "0.0.1"
      }
    },
    "tslib": {
      "version": "2.8.1",
      "resolved": "https://registry.npmjs.org/tslib/-/tslib-2.8.1.tgz",
      "integrity": "sha512-oJFu94HQb+KVduSUQL7wnpmqnfmLsOA/nAh6b6EH0wCEoK0/mPeXU6c3wKDV83MkOuHPRHtSXKKU99IBazS/2w=="
    },
    "typescript": {
      "version": "6.0.3",
      "resolved": "https://registry.npmjs.org/typescript/-/typescript-6.0.3.tgz",
      "integrity": "sha512-y2TvuxSZPDyQakkFRPZHKFm+KKVqIisdg9/CZwm9ftvKXLP8NRWj38/ODjNbr43SsoXqNuAisEf1GdCxqWcdBw==",
      "dev": true
    },
    "undici-types": {
      "version": "7.24.6",
      "resolved": "https://registry.npmjs.org/undici-types/-/undici-types-7.24.6.tgz",
      "integrity": "sha512-WRNW+sJgj5OBN4/0JpHFqtqzhpbnV0GuB+OozA9gCL7a993SmU+1JBZCzLNxYsbMfIeDL+lTsphD5jN5N+n0zg==",
      "dev": true
    },
    "watchpack": {
      "version": "2.4.0",
      "resolved": "https://registry.npmjs.org/watchpack/-/watchpack-2.4.0.tgz",
      "integrity": "sha512-Lcvm7MGST/4fup+ifyKi2hjyIAwcdI4HRgtvTpIUxBRhB+RFtUh8XtDOxUfctVCnhVi+QQj49i91OyvzkJl6cg==",
      "requires": {
        "glob-to-regexp": "^0.4.1",
        "graceful-fs": "^4.1.2"
      }
    },
    "zod": {
      "version": "3.21.4",
      "resolved": "https://registry.npmjs.org/zod/-/zod-3.21.4.tgz",
      "integrity": "sha512-m46AKbrzKVzOzs/DZgVnG5H55N1sv1M8qZU3A8RIKbs3mrACDNeIOeilDymVb2HdmP8uwshOCF4uJ8uM9rCqJw=="
    }
  }
}
